
Microsoft Visual Studio Solution File, Format Version 12.00
# Visual Studio 15
VisualStudioVersion = 15.0.28010.0
MinimumVisualStudioVersion = 10.0.40219.1
Project("{FAE04EC0-301F-11D3-BF4B-00C04F79EFBC}") = "ChatroomServer", "ChatroomServer\ChatroomServer.csproj", "{2B3899ED-435F-4FD6-90F0-899BAE4DC583}"
EndProject
Global
	GlobalSection(SolutionConfigurationPlatforms) = preSolution
		Debug|Any CPU = Debug|Any CPU
		Release|Any CPU = Release|Any CPU
	EndGlobalSection
	GlobalSection(ProjectConfigurationPlatforms) = postSolution
		{2B3899ED-435F-4FD6-90F0-899BAE4DC583}.Debug|Any CPU.ActiveCfg = Debug|Any CPU
		{2B3899ED-435F-4FD6-90F0-899BAE4DC583}.Debug|Any CPU.Build.0 = Debug|Any CPU
		{2B3899ED-435F-4FD6-90F0-899BAE4DC583}.Release|Any CPU.ActiveCfg = Release|Any CPU
		{2B3899ED-435F-4FD6-90F0-899BAE4DC583}.Release|Any CPU.Build.0 = Release|Any CPU
	EndGlobalSection
	GlobalSection(SolutionProperties) = preSolution
		HideSolutionNode = FALSE
	EndGlobalSection
	GlobalSection(ExtensibilityGlobals) = postSolution
		SolutionGuid = {7F5B0E80-93DD-4086-9588-4C722B8421B5}
	EndGlobalSection
EndGlobal
